
Microsoft Visual Studio Solution File, Format Version 12.00
# Visual Studio Version 17
VisualStudioVersion = 17.2.32519.379
MinimumVisualStudioVersion = 10.0.40219.1
Project("{FAE04EC0-301F-11D3-BF4B-00C04F79EFBC}") = "Named_and_Optional_Arguments_Tutorial", "Named_and_Optional_Arguments_Tutorial\Named_and_Optional_Arguments_Tutorial.csproj", "{52906DF5-5800-49F6-B3D4-3C8EB9FC5D34}"
EndProject
Global
	GlobalSection(SolutionConfigurationPlatforms) = preSolution
		Debug|Any CPU = Debug|Any CPU
		Release|Any CPU = Release|Any CPU
	EndGlobalSection
	GlobalSection(ProjectConfigurationPlatforms) = postSolution
		{52906DF5-5800-49F6-B3D4-3C8EB9FC5D34}.Debug|Any CPU.ActiveCfg = Debug|Any CPU
		{52906DF5-5800-49F6-B3D4-3C8EB9FC5D34}.Debug|Any CPU.Build.0 = Debug|Any CPU
		{52906DF5-5800-49F6-B3D4-3C8EB9FC5D34}.Release|Any CPU.ActiveCfg = Release|Any CPU
		{52906DF5-5800-49F6-B3D4-3C8EB9FC5D34}.Release|Any CPU.Build.0 = Release|Any CPU
	EndGlobalSection
	GlobalSection(SolutionProperties) = preSolution
		HideSolutionNode = FALSE
	EndGlobalSection
	GlobalSection(ExtensibilityGlobals) = postSolution
		SolutionGuid = {67386F13-4D7F-4721-B0FB-58B569AD431A}
	EndGlobalSection
EndGlobal
